
Microsoft Visual Studio Solution File, Format Version 12.00
# Visual Studio Version 17
VisualStudioVersion = 17.4.33213.308
MinimumVisualStudioVersion = 10.0.40219.1
Project("{FAE04EC0-301F-11D3-BF4B-00C04F79EFBC}") = "MbFastColorEdit", "MbFastColorEdit\MbFastColorEdit.csproj", "{5B3861F1-3F80-46CE-A39C-5581D0796CCC}"
EndProject
Global
	GlobalSection(SolutionConfigurationPlatforms) = preSolution
		Debug|Any CPU = Debug|Any CPU
		Release|Any CPU = Release|Any CPU
	EndGlobalSection
	GlobalSection(ProjectConfigurationPlatforms) = postSolution
		{5B3861F1-3F80-46CE-A39C-5581D0796CCC}.Debug|Any CPU.ActiveCfg = Debug|Any CPU
		{5B3861F1-3F80-46CE-A39C-5581D0796CCC}.Debug|Any CPU.Build.0 = Debug|Any CPU
		{5B3861F1-3F80-46CE-A39C-5581D0796CCC}.Release|Any CPU.ActiveCfg = Release|Any CPU
		{5B3861F1-3F80-46CE-A39C-5581D0796CCC}.Release|Any CPU.Build.0 = Release|Any CPU
	EndGlobalSection
	GlobalSection(SolutionProperties) = preSolution
		HideSolutionNode = FALSE
	EndGlobalSection
	GlobalSection(ExtensibilityGlobals) = postSolution
		SolutionGuid = {C8CB89DB-C19F-47A8-8FC7-3DD48B13FCE9}
	EndGlobalSection
EndGlobal
